
Microsoft Visual Studio Solution File, Format Version 12.00
# Visual Studio Version 17
VisualStudioVersion = 17.5.002.0
MinimumVisualStudioVersion = 10.0.40219.1
Project("{2150E333-8FDC-42A3-9474-1A3956D46DE8}") = "M02-create-plugins-for-semantic-kernel", "M02-create-plugins-for-semantic-kernel", "{B87147B4-79CB-451B-9599-8167209A8826}"
EndProject
Project("{9A19103F-16F7-4668-BE54-9A1E7A4F7556}") = "M02-Project", "M02-create-plugins-for-semantic-kernel\M02-Project\M02-Project.csproj", "{63D9E15F-AD7B-4B07-BE46-35B3A9D3101B}"
EndProject
Global
	GlobalSection(SolutionConfigurationPlatforms) = preSolution
		Debug|Any CPU = Debug|Any CPU
		Release|Any CPU = Release|Any CPU
	EndGlobalSection
	GlobalSection(ProjectConfigurationPlatforms) = postSolution
		{63D9E15F-AD7B-4B07-BE46-35B3A9D3101B}.Debug|Any CPU.ActiveCfg = Debug|Any CPU
		{63D9E15F-AD7B-4B07-BE46-35B3A9D3101B}.Debug|Any CPU.Build.0 = Debug|Any CPU
		{63D9E15F-AD7B-4B07-BE46-35B3A9D3101B}.Release|Any CPU.ActiveCfg = Release|Any CPU
		{63D9E15F-AD7B-4B07-BE46-35B3A9D3101B}.Release|Any CPU.Build.0 = Release|Any CPU
	EndGlobalSection
	GlobalSection(SolutionProperties) = preSolution
		HideSolutionNode = FALSE
	EndGlobalSection
	GlobalSection(NestedProjects) = preSolution
		{63D9E15F-AD7B-4B07-BE46-35B3A9D3101B} = {B87147B4-79CB-451B-9599-8167209A8826}
	EndGlobalSection
	GlobalSection(ExtensibilityGlobals) = postSolution
		SolutionGuid = {4CBB0488-497A-40CD-984E-A4BD57CF3A29}
	EndGlobalSection
EndGlobal
